
Microsoft Visual Studio Solution File, Format Version 12.00
# Visual Studio Version 17
VisualStudioVersion = 17.14.36301.6
MinimumVisualStudioVersion = 10.0.40219.1
Project("{FAE04EC0-301F-11D3-BF4B-00C04F79EFBC}") = "CustomMessageBox", "CustomMessageBox.csproj", "{50D0621E-54EB-487E-9839-7D72F6102764}"
EndProject
Project("{FAE04EC0-301F-11D3-BF4B-00C04F79EFBC}") = "CustomErrorMessageBox", "..\CustomErrorMessageBox\CustomErrorMessageBox.csproj", "{4249235E-EF50-4677-98D2-A3481027299E}"
EndProject
Global
	GlobalSection(SolutionConfigurationPlatforms) = preSolution
		Debug|Any CPU = Debug|Any CPU
		Release|Any CPU = Release|Any CPU
	EndGlobalSection
	GlobalSection(ProjectConfigurationPlatforms) = postSolution
		{50D0621E-54EB-487E-9839-7D72F6102764}.Debug|Any CPU.ActiveCfg = Debug|Any CPU
		{50D0621E-54EB-487E-9839-7D72F6102764}.Debug|Any CPU.Build.0 = Debug|Any CPU
		{50D0621E-54EB-487E-9839-7D72F6102764}.Release|Any CPU.ActiveCfg = Release|Any CPU
		{50D0621E-54EB-487E-9839-7D72F6102764}.Release|Any CPU.Build.0 = Release|Any CPU
		{4249235E-EF50-4677-98D2-A3481027299E}.Debug|Any CPU.ActiveCfg = Debug|Any CPU
		{4249235E-EF50-4677-98D2-A3481027299E}.Debug|Any CPU.Build.0 = Debug|Any CPU
		{4249235E-EF50-4677-98D2-A3481027299E}.Release|Any CPU.ActiveCfg = Release|Any CPU
		{4249235E-EF50-4677-98D2-A3481027299E}.Release|Any CPU.Build.0 = Release|Any CPU
	EndGlobalSection
	GlobalSection(SolutionProperties) = preSolution
		HideSolutionNode = FALSE
	EndGlobalSection
	GlobalSection(ExtensibilityGlobals) = postSolution
		SolutionGuid = {6A53449E-3913-4BB5-8C02-5644A550E3E9}
	EndGlobalSection
EndGlobal
